PODS:
  - Realm (1.0.2):
    - Realm/Headers (= 1.0.2)
  - Realm/Headers (1.0.2)
  - RealmSwift (1.0.2):
    - Realm (= 1.0.2)
  - SWXMLHash (2.1.0)

DEPENDENCIES:
  - RealmSwift
  - SWXMLHash (~> 2.1.0)

SPEC CHECKSUMS:
  Realm: 9d5c46a4d7d27958530a8dfc58f63a99e5c2cba3
  RealmSwift: 82f3ac5e24530143dddfde2033acc0d308f27d96
  SWXMLHash: 7257a358b3ab2f7a209e0b4e4cf552e8b6df5f0f

COCOAPODS: 0.39.0
