// !$*UTF8*$!
{
	archiveVersion = 1;
	classes = {
	};
	objectVersion = 46;
	objects = {

/* Begin PBXBuildFile section */
		13B5757C4165B0631B091E08 /* Pods.framework in Frameworks */ = {isa = PBXBuildFile; fileRef = 17BE7A3D1F294957C3DCEDEA /* Pods.framework */; };
		DA1B8A841CD3B3BB002E0234 /* ProgramControlTableViewController.swift in Sources */ = {isa = PBXBuildFile; fileRef = DA1B8A831CD3B3BB002E0234 /* ProgramControlTableViewController.swift */; };
		DA1B8A861CDD3C3D002E0234 /* 020-film.png in Resources */ = {isa = PBXBuildFile; fileRef = DA1B8A851CDD3C3C002E0234 /* 020-film.png */; };
		DA1B8A881CDD3DD5002E0234 /* SceneTableViewController.swift in Sources */ = {isa = PBXBuildFile; fileRef = DA1B8A871CDD3DD5002E0234 /* SceneTableViewController.swift */; };
		DA1B8A8A1CDD3E13002E0234 /* SceneManager.swift in Sources */ = {isa = PBXBuildFile; fileRef = DA1B8A891CDD3E13002E0234 /* SceneManager.swift */; };
		DA1B8A8C1CDD43DB002E0234 /* Scene.swift in Sources */ = {isa = PBXBuildFile; fileRef = DA1B8A8B1CDD43DB002E0234 /* Scene.swift */; };
		DA1B8A8E1CE132DF002E0234 /* SceneControlTableViewController.swift in Sources */ = {isa = PBXBuildFile; fileRef = DA1B8A8D1CE132DF002E0234 /* SceneControlTableViewController.swift */; };
		DA1B8A921CEA49E4002E0234 /* SceneControlTableViewCell.swift in Sources */ = {isa = PBXBuildFile; fileRef = DA1B8A911CEA49E4002E0234 /* SceneControlTableViewCell.swift */; };
		DA1B8A941CEA6A34002E0234 /* 218-star-full.png in Resources */ = {isa = PBXBuildFile; fileRef = DA1B8A931CEA6A34002E0234 /* 218-star-full.png */; };
		DA1B8A961CEA6C04002E0234 /* DashboardCollectionViewCell.swift in Sources */ = {isa = PBXBuildFile; fileRef = DA1B8A951CEA6C04002E0234 /* DashboardCollectionViewCell.swift */; };
		DA1B8A981CEA6C24002E0234 /* DashboardCollectionViewController.swift in Sources */ = {isa = PBXBuildFile; fileRef = DA1B8A971CEA6C24002E0234 /* DashboardCollectionViewController.swift */; };
		DA1C82781CFD10E5005F166D /* testRealm.swift in Sources */ = {isa = PBXBuildFile; fileRef = DA1C82771CFD10E5005F166D /* testRealm.swift */; };
		DA21C5211C77E87300F41A83 /* Node.swift in Sources */ = {isa = PBXBuildFile; fileRef = DA21C5201C77E87300F41A83 /* Node.swift */; };
		DA21C5231C77F0C000F41A83 /* DeviceTableViewController.swift in Sources */ = {isa = PBXBuildFile; fileRef = DA21C5221C77F0C000F41A83 /* DeviceTableViewController.swift */; };
		DA21C5251C7D4D9B00F41A83 /* Folder.swift in Sources */ = {isa = PBXBuildFile; fileRef = DA21C5241C7D4D9B00F41A83 /* Folder.swift */; };
		DA2671291CA7122500C134D6 /* home-logo-md.png in Resources */ = {isa = PBXBuildFile; fileRef = DA2671281CA7122500C134D6 /* home-logo-md.png */; };
		DA39773A1CAB5F3000341D54 /* flame.png in Resources */ = {isa = PBXBuildFile; fileRef = DA3977391CAB5F3000341D54 /* flame.png */; };
		DA3C3A761C97259B00494CEB /* SettingsTableViewController.swift in Sources */ = {isa = PBXBuildFile; fileRef = DA3C3A751C97259B00494CEB /* SettingsTableViewController.swift */; };
		DA3C3A7E1C9C46C800494CEB /* 001-home.png in Resources */ = {isa = PBXBuildFile; fileRef = DA3C3A7D1C9C46C800494CEB /* 001-home.png */; };
		DA3C3A801C9C471900494CEB /* settings.png in Resources */ = {isa = PBXBuildFile; fileRef = DA3C3A7F1C9C471900494CEB /* settings.png */; };
		DA5446771CB038D600873C74 /* temp-on.png in Resources */ = {isa = PBXBuildFile; fileRef = DA5446761CB038D600873C74 /* temp-on.png */; };
		DA54467A1CB03A3800873C74 /* lamp01-off.png in Resources */ = {isa = PBXBuildFile; fileRef = DA5446781CB03A3800873C74 /* lamp01-off.png */; };
		DA54467B1CB03A3800873C74 /* lamp01-on.png in Resources */ = {isa = PBXBuildFile; fileRef = DA5446791CB03A3800873C74 /* lamp01-on.png */; };
		DA54467E1CB03AF400873C74 /* motion01-off.png in Resources */ = {isa = PBXBuildFile; fileRef = DA54467C1CB03AF400873C74 /* motion01-off.png */; };
		DA54467F1CB03AF400873C74 /* motion01-on.png in Resources */ = {isa = PBXBuildFile; fileRef = DA54467D1CB03AF400873C74 /* motion01-on.png */; };
		DA5446821CB03B4600873C74 /* light01-off.png in Resources */ = {isa = PBXBuildFile; fileRef = DA5446801CB03B4600873C74 /* light01-off.png */; };
		DA5446831CB03B4600873C74 /* light01-on.png in Resources */ = {isa = PBXBuildFile; fileRef = DA5446811CB03B4600873C74 /* light01-on.png */; };
		DA5446861CB1BA7000873C74 /* remote-off.png in Resources */ = {isa = PBXBuildFile; fileRef = DA5446841CB1BA7000873C74 /* remote-off.png */; };
		DA5446871CB1BA7000873C74 /* remote-on.png in Resources */ = {isa = PBXBuildFile; fileRef = DA5446851CB1BA7000873C74 /* remote-on.png */; };
		DA54468A1CB1BDD900873C74 /* energy-off.png in Resources */ = {isa = PBXBuildFile; fileRef = DA5446881CB1BDD900873C74 /* energy-off.png */; };
		DA54468B1CB1BDD900873C74 /* energy-on.png in Resources */ = {isa = PBXBuildFile; fileRef = DA5446891CB1BDD900873C74 /* energy-on.png */; };
		DA88C92C1C8B3A5200EA5B20 /* NodeManager.swift in Sources */ = {isa = PBXBuildFile; fileRef = DA88C92B1C8B3A5200EA5B20 /* NodeManager.swift */; };
		DA8AD1FF1D0B517300696943 /* NodeRealm.swift in Sources */ = {isa = PBXBuildFile; fileRef = DA8AD1FE1D0B517300696943 /* NodeRealm.swift */; };
		DA8FE8B11C93749200991FB4 /* lightbulb-on.png in Resources */ = {isa = PBXBuildFile; fileRef = DA8FE8B01C93749200991FB4 /* lightbulb-on.png */; };
		DA8FE8B31C93749900991FB4 /* lightbulb-off.png in Resources */ = {isa = PBXBuildFile; fileRef = DA8FE8B21C93749900991FB4 /* lightbulb-off.png */; };
		DA912FE71C32F38A0082F91A /* AppDelegate.swift in Sources */ = {isa = PBXBuildFile; fileRef = DA912FE61C32F38A0082F91A /* AppDelegate.swift */; };
		DA912FE91C32F38A0082F91A /* SwitchViewController.swift in Sources */ = {isa = PBXBuildFile; fileRef = DA912FE81C32F38A0082F91A /* SwitchViewController.swift */; };
		DA912FEC1C32F38A0082F91A /* Main.storyboard in Resources */ = {isa = PBXBuildFile; fileRef = DA912FEA1C32F38A0082F91A /* Main.storyboard */; };
		DA912FEE1C32F38A0082F91A /* Assets.xcassets in Resources */ = {isa = PBXBuildFile; fileRef = DA912FED1C32F38A0082F91A /* Assets.xcassets */; };
		DA912FF11C32F38A0082F91A /* LaunchScreen.storyboard in Resources */ = {isa = PBXBuildFile; fileRef = DA912FEF1C32F38A0082F91A /* LaunchScreen.storyboard */; };
		DA912FFC1C32F38A0082F91A /* HomeAutomationTests.swift in Sources */ = {isa = PBXBuildFile; fileRef = DA912FFB1C32F38A0082F91A /* HomeAutomationTests.swift */; };
		DA9130071C32F38A0082F91A /* HomeAutomationUITests.swift in Sources */ = {isa = PBXBuildFile; fileRef = DA9130061C32F38A0082F91A /* HomeAutomationUITests.swift */; };
		DA95455E1CAEBAB00010FF2A /* flameIcon.png in Resources */ = {isa = PBXBuildFile; fileRef = DA95455D1CAEBAB00010FF2A /* flameIcon.png */; };
		DA9545601CAF35C80010FF2A /* temp-off.png in Resources */ = {isa = PBXBuildFile; fileRef = DA95455F1CAF35C80010FF2A /* temp-off.png */; };
		DA993F7F1CA04B4A00D93654 /* NodeType.swift in Sources */ = {isa = PBXBuildFile; fileRef = DA993F7E1CA04B4A00D93654 /* NodeType.swift */; };
		DA993F811CA0849800D93654 /* nodeType.plist in Resources */ = {isa = PBXBuildFile; fileRef = DA993F801CA0849800D93654 /* nodeType.plist */; };
		DA993F831CA0A87900D93654 /* ClimateViewController.swift in Sources */ = {isa = PBXBuildFile; fileRef = DA993F821CA0A87900D93654 /* ClimateViewController.swift */; };
		DA993F851CA0A89500D93654 /* EnergyViewController.swift in Sources */ = {isa = PBXBuildFile; fileRef = DA993F841CA0A89500D93654 /* EnergyViewController.swift */; };
		DA993F871CA0DC6600D93654 /* downArrow.png in Resources */ = {isa = PBXBuildFile; fileRef = DA993F861CA0DC6600D93654 /* downArrow.png */; };
		DA993F891CA0DC6D00D93654 /* upArrow.png in Resources */ = {isa = PBXBuildFile; fileRef = DA993F881CA0DC6D00D93654 /* upArrow.png */; };
		DA993F8C1CA20F8900D93654 /* blue-down-arrow.png in Resources */ = {isa = PBXBuildFile; fileRef = DA993F8A1CA20F8900D93654 /* blue-down-arrow.png */; };
		DA993F8D1CA20F8900D93654 /* blue-up-arrow.png in Resources */ = {isa = PBXBuildFile; fileRef = DA993F8B1CA20F8900D93654 /* blue-up-arrow.png */; };
		DAD43B081CC13C0F00DE99F5 /* FolderTableViewCell.swift in Sources */ = {isa = PBXBuildFile; fileRef = DAD43B071CC13C0F00DE99F5 /* FolderTableViewCell.swift */; };
		DAD43B0A1CC13E0400DE99F5 /* 048-folder.png in Resources */ = {isa = PBXBuildFile; fileRef = DAD43B091CC13E0400DE99F5 /* 048-folder.png */; };
		DAD43B0C1CCA7ABC00DE99F5 /* 049-folder-open.png in Resources */ = {isa = PBXBuildFile; fileRef = DAD43B0B1CCA7ABC00DE99F5 /* 049-folder-open.png */; };
		DAE7D36A1CB2B794007F4FD4 /* deskLamp-off.png in Resources */ = {isa = PBXBuildFile; fileRef = DAE7D3681CB2B794007F4FD4 /* deskLamp-off.png */; };
		DAE7D36B1CB2B794007F4FD4 /* deskLamp-on.png in Resources */ = {isa = PBXBuildFile; fileRef = DAE7D3691CB2B794007F4FD4 /* deskLamp-on.png */; };
		DAE7D36D1CB2E64B007F4FD4 /* ProgramTableViewController.swift in Sources */ = {isa = PBXBuildFile; fileRef = DAE7D36C1CB2E64B007F4FD4 /* ProgramTableViewController.swift */; };
		DAE7D36F1CB2E9A6007F4FD4 /* programs.png in Resources */ = {isa = PBXBuildFile; fileRef = DAE7D36E1CB2E9A6007F4FD4 /* programs.png */; };
		DAE7D3731CB2EDEE007F4FD4 /* 185-clipboard.png in Resources */ = {isa = PBXBuildFile; fileRef = DAE7D3721CB2EDEE007F4FD4 /* 185-clipboard.png */; };
		DAE7D3761CB2F78B007F4FD4 /* Program.swift in Sources */ = {isa = PBXBuildFile; fileRef = DAE7D3751CB2F78B007F4FD4 /* Program.swift */; };
		DAE7D3781CB30A09007F4FD4 /* ProgramFolder.swift in Sources */ = {isa = PBXBuildFile; fileRef = DAE7D3771CB30A09007F4FD4 /* ProgramFolder.swift */; };
		DAE7D37B1CB31E28007F4FD4 /* program-off.png in Resources */ = {isa = PBXBuildFile; fileRef = DAE7D3791CB31E28007F4FD4 /* program-off.png */; };
		DAE7D37C1CB31E28007F4FD4 /* program-on.png in Resources */ = {isa = PBXBuildFile; fileRef = DAE7D37A1CB31E28007F4FD4 /* program-on.png */; };
		DAE7D37E1CB31EE1007F4FD4 /* ProgramManager.swift in Sources */ = {isa = PBXBuildFile; fileRef = DAE7D37D1CB31EE1007F4FD4 /* ProgramManager.swift */; };
		DAFA7B991C93858D002CF894 /* NodeTableViewCell.swift in Sources */ = {isa = PBXBuildFile; fileRef = DAFA7B981C93858D002CF894 /* NodeTableViewCell.swift */; };
/* End PBXBuildFile section */

/* Begin PBXContainerItemProxy section */
		DA912FF81C32F38A0082F91A /* PBXContainerItemProxy */ = {
			isa = PBXContainerItemProxy;
			containerPortal = DA912FDB1C32F38A0082F91A /* Project object */;
			proxyType = 1;
			remoteGlobalIDString = DA912FE21C32F38A0082F91A;
			remoteInfo = HomeAutomation;
		};
		DA9130031C32F38A0082F91A /* PBXContainerItemProxy */ = {
			isa = PBXContainerItemProxy;
			containerPortal = DA912FDB1C32F38A0082F91A /* Project object */;
			proxyType = 1;
			remoteGlobalIDString = DA912FE21C32F38A0082F91A;
			remoteInfo = HomeAutomation;
		};
/* End PBXContainerItemProxy section */

/* Begin PBXFileReference section */
		17BE7A3D1F294957C3DCEDEA /* Pods.framework */ = {isa = PBXFileReference; explicitFileType = wrapper.framework; includeInIndex = 0; path = Pods.framework; sourceTree = BUILT_PRODUCTS_DIR; };
		24E0B9C5C7F3712850FCB591 /* Pods.release.xcconfig */ = {isa = PBXFileReference; includeInIndex = 1; lastKnownFileType = text.xcconfig; name = Pods.release.xcconfig; path = "Pods/Target Support Files/Pods/Pods.release.xcconfig"; sourceTree = "<group>"; };
		CD87C7F91321F46B22C4DD1B /* Pods.debug.xcconfig */ = {isa = PBXFileReference; includeInIndex = 1; lastKnownFileType = text.xcconfig; name = Pods.debug.xcconfig; path = "Pods/Target Support Files/Pods/Pods.debug.xcconfig"; sourceTree = "<group>"; };
		DA1B8A831CD3B3BB002E0234 /* ProgramControlTableViewController.swift */ = {isa = PBXFileReference; fileEncoding = 4; lastKnownFileType = sourcecode.swift; path = ProgramControlTableViewController.swift; sourceTree = "<group>"; };
		DA1B8A851CDD3C3C002E0234 /* 020-film.png */ = {isa = PBXFileReference; lastKnownFileType = image.png; path = "020-film.png"; sourceTree = "<group>"; };
		DA1B8A871CDD3DD5002E0234 /* SceneTableViewController.swift */ = {isa = PBXFileReference; fileEncoding = 4; lastKnownFileType = sourcecode.swift; path = SceneTableViewController.swift; sourceTree = "<group>"; };
		DA1B8A891CDD3E13002E0234 /* SceneManager.swift */ = {isa = PBXFileReference; fileEncoding = 4; lastKnownFileType = sourcecode.swift; path = SceneManager.swift; sourceTree = "<group>"; };
		DA1B8A8B1CDD43DB002E0234 /* Scene.swift */ = {isa = PBXFileReference; fileEncoding = 4; lastKnownFileType = sourcecode.swift; path = Scene.swift; sourceTree = "<group>"; };
		DA1B8A8D1CE132DF002E0234 /* SceneControlTableViewController.swift */ = {isa = PBXFileReference; fileEncoding = 4; lastKnownFileType = sourcecode.swift; path = SceneControlTableViewController.swift; sourceTree = "<group>"; };
		DA1B8A911CEA49E4002E0234 /* SceneControlTableViewCell.swift */ = {isa = PBXFileReference; fileEncoding = 4; lastKnownFileType = sourcecode.swift; path = SceneControlTableViewCell.swift; sourceTree = "<group>"; };
		DA1B8A931CEA6A34002E0234 /* 218-star-full.png */ = {isa = PBXFileReference; lastKnownFileType = image.png; path = "218-star-full.png"; sourceTree = "<group>"; };
		DA1B8A951CEA6C04002E0234 /* DashboardCollectionViewCell.swift */ = {isa = PBXFileReference; fileEncoding = 4; lastKnownFileType = sourcecode.swift; path = DashboardCollectionViewCell.swift; sourceTree = "<group>"; };
		DA1B8A971CEA6C24002E0234 /* DashboardCollectionViewController.swift */ = {isa = PBXFileReference; fileEncoding = 4; lastKnownFileType = sourcecode.swift; path = DashboardCollectionViewController.swift; sourceTree = "<group>"; };
		DA1C82771CFD10E5005F166D /* testRealm.swift */ = {isa = PBXFileReference; fileEncoding = 4; lastKnownFileType = sourcecode.swift; path = testRealm.swift; sourceTree = "<group>"; };
		DA21C5201C77E87300F41A83 /* Node.swift */ = {isa = PBXFileReference; fileEncoding = 4; lastKnownFileType = sourcecode.swift; path = Node.swift; sourceTree = "<group>"; };
		DA21C5221C77F0C000F41A83 /* DeviceTableViewController.swift */ = {isa = PBXFileReference; fileEncoding = 4; lastKnownFileType = sourcecode.swift; path = DeviceTableViewController.swift; sourceTree = "<group>"; };
		DA21C5241C7D4D9B00F41A83 /* Folder.swift */ = {isa = PBXFileReference; fileEncoding = 4; lastKnownFileType = sourcecode.swift; path = Folder.swift; sourceTree = "<group>"; };
		DA2671281CA7122500C134D6 /* home-logo-md.png */ = {isa = PBXFileReference; lastKnownFileType = image.png; path = "home-logo-md.png"; sourceTree = "<group>"; };
		DA3977391CAB5F3000341D54 /* flame.png */ = {isa = PBXFileReference; lastKnownFileType = image.png; path = flame.png; sourceTree = "<group>"; };
		DA3C3A751C97259B00494CEB /* SettingsTableViewController.swift */ = {isa = PBXFileReference; fileEncoding = 4; lastKnownFileType = sourcecode.swift; path = SettingsTableViewController.swift; sourceTree = "<group>"; };
		DA3C3A7D1C9C46C800494CEB /* 001-home.png */ = {isa = PBXFileReference; lastKnownFileType = image.png; path = "001-home.png"; sourceTree = "<group>"; };
		DA3C3A7F1C9C471900494CEB /* settings.png */ = {isa = PBXFileReference; lastKnownFileType = image.png; path = settings.png; sourceTree = "<group>"; };
		DA5446761CB038D600873C74 /* temp-on.png */ = {isa = PBXFileReference; lastKnownFileType = image.png; path = "temp-on.png"; sourceTree = "<group>"; };
		DA5446781CB03A3800873C74 /* lamp01-off.png */ = {isa = PBXFileReference; lastKnownFileType = image.png; path = "lamp01-off.png"; sourceTree = "<group>"; };
		DA5446791CB03A3800873C74 /* lamp01-on.png */ = {isa = PBXFileReference; lastKnownFileType = image.png; path = "lamp01-on.png"; sourceTree = "<group>"; };
		DA54467C1CB03AF400873C74 /* motion01-off.png */ = {isa = PBXFileReference; lastKnownFileType = image.png; path = "motion01-off.png"; sourceTree = "<group>"; };
		DA54467D1CB03AF400873C74 /* motion01-on.png */ = {isa = PBXFileReference; lastKnownFileType = image.png; path = "motion01-on.png"; sourceTree = "<group>"; };
		DA5446801CB03B4600873C74 /* light01-off.png */ = {isa = PBXFileReference; lastKnownFileType = image.png; path = "light01-off.png"; sourceTree = "<group>"; };
		DA5446811CB03B4600873C74 /* light01-on.png */ = {isa = PBXFileReference; lastKnownFileType = image.png; path = "light01-on.png"; sourceTree = "<group>"; };
		DA5446841CB1BA7000873C74 /* remote-off.png */ = {isa = PBXFileReference; lastKnownFileType = image.png; path = "remote-off.png"; sourceTree = "<group>"; };
		DA5446851CB1BA7000873C74 /* remote-on.png */ = {isa = PBXFileReference; lastKnownFileType = image.png; path = "remote-on.png"; sourceTree = "<group>"; };
		DA5446881CB1BDD900873C74 /* energy-off.png */ = {isa = PBXFileReference; lastKnownFileType = image.png; path = "energy-off.png"; sourceTree = "<group>"; };
		DA5446891CB1BDD900873C74 /* energy-on.png */ = {isa = PBXFileReference; lastKnownFileType = image.png; path = "energy-on.png"; sourceTree = "<group>"; };
		DA88C92B1C8B3A5200EA5B20 /* NodeManager.swift */ = {isa = PBXFileReference; fileEncoding = 4; lastKnownFileType = sourcecode.swift; path = NodeManager.swift; sourceTree = "<group>"; };
		DA8AD1FE1D0B517300696943 /* NodeRealm.swift */ = {isa = PBXFileReference; fileEncoding = 4; lastKnownFileType = sourcecode.swift; path = NodeRealm.swift; sourceTree = "<group>"; };
		DA8FE8B01C93749200991FB4 /* lightbulb-on.png */ = {isa = PBXFileReference; lastKnownFileType = image.png; path = "lightbulb-on.png"; sourceTree = "<group>"; };
		DA8FE8B21C93749900991FB4 /* lightbulb-off.png */ = {isa = PBXFileReference; lastKnownFileType = image.png; path = "lightbulb-off.png"; sourceTree = "<group>"; };
		DA912FE31C32F38A0082F91A /* HomeAutomation.app */ = {isa = PBXFileReference; explicitFileType = wrapper.application; includeInIndex = 0; path = HomeAutomation.app; sourceTree = BUILT_PRODUCTS_DIR; };
		DA912FE61C32F38A0082F91A /* AppDelegate.swift */ = {isa = PBXFileReference; lastKnownFileType = sourcecode.swift; path = AppDelegate.swift; sourceTree = "<group>"; };
		DA912FE81C32F38A0082F91A /* SwitchViewController.swift */ = {isa = PBXFileReference; lastKnownFileType = sourcecode.swift; path = SwitchViewController.swift; sourceTree = "<group>"; };
		DA912FEB1C32F38A0082F91A /* Base */ = {isa = PBXFileReference; lastKnownFileType = file.storyboard; name = Base; path = Base.lproj/Main.storyboard; sourceTree = "<group>"; };
		DA912FED1C32F38A0082F91A /* Assets.xcassets */ = {isa = PBXFileReference; lastKnownFileType = folder.assetcatalog; path = Assets.xcassets; sourceTree = "<group>"; };
		DA912FF01C32F38A0082F91A /* Base */ = {isa = PBXFileReference; lastKnownFileType = file.storyboard; name = Base; path = Base.lproj/LaunchScreen.storyboard; sourceTree = "<group>"; };
		DA912FF21C32F38A0082F91A /* Info.plist */ = {isa = PBXFileReference; lastKnownFileType = text.plist.xml; path = Info.plist; sourceTree = "<group>"; };
		DA912FF71C32F38A0082F91A /* HomeAutomationTests.xctest */ = {isa = PBXFileReference; explicitFileType = wrapper.cfbundle; includeInIndex = 0; path = HomeAutomationTests.xctest; sourceTree = BUILT_PRODUCTS_DIR; };
		DA912FFB1C32F38A0082F91A /* HomeAutomationTests.swift */ = {isa = PBXFileReference; lastKnownFileType = sourcecode.swift; path = HomeAutomationTests.swift; sourceTree = "<group>"; };
		DA912FFD1C32F38A0082F91A /* Info.plist */ = {isa = PBXFileReference; lastKnownFileType = text.plist.xml; path = Info.plist; sourceTree = "<group>"; };
		DA9130021C32F38A0082F91A /* HomeAutomationUITests.xctest */ = {isa = PBXFileReference; explicitFileType = wrapper.cfbundle; includeInIndex = 0; path = HomeAutomationUITests.xctest; sourceTree = BUILT_PRODUCTS_DIR; };
		DA9130061C32F38A0082F91A /* HomeAutomationUITests.swift */ = {isa = PBXFileReference; lastKnownFileType = sourcecode.swift; path = HomeAutomationUITests.swift; sourceTree = "<group>"; };
		DA9130081C32F38A0082F91A /* Info.plist */ = {isa = PBXFileReference; lastKnownFileType = text.plist.xml; path = Info.plist; sourceTree = "<group>"; };
		DA95455D1CAEBAB00010FF2A /* flameIcon.png */ = {isa = PBXFileReference; lastKnownFileType = image.png; path = flameIcon.png; sourceTree = "<group>"; };
		DA95455F1CAF35C80010FF2A /* temp-off.png */ = {isa = PBXFileReference; lastKnownFileType = image.png; path = "temp-off.png"; sourceTree = "<group>"; };
		DA993F7E1CA04B4A00D93654 /* NodeType.swift */ = {isa = PBXFileReference; fileEncoding = 4; lastKnownFileType = sourcecode.swift; path = NodeType.swift; sourceTree = "<group>"; };
		DA993F801CA0849800D93654 /* nodeType.plist */ = {isa = PBXFileReference; fileEncoding = 4; lastKnownFileType = text.plist.xml; path = nodeType.plist; sourceTree = "<group>"; };
		DA993F821CA0A87900D93654 /* ClimateViewController.swift */ = {isa = PBXFileReference; fileEncoding = 4; lastKnownFileType = sourcecode.swift; path = ClimateViewController.swift; sourceTree = "<group>"; };
		DA993F841CA0A89500D93654 /* EnergyViewController.swift */ = {isa = PBXFileReference; fileEncoding = 4; lastKnownFileType = sourcecode.swift; path = EnergyViewController.swift; sourceTree = "<group>"; };
		DA993F861CA0DC6600D93654 /* downArrow.png */ = {isa = PBXFileReference; lastKnownFileType = image.png; path = downArrow.png; sourceTree = "<group>"; };
		DA993F881CA0DC6D00D93654 /* upArrow.png */ = {isa = PBXFileReference; lastKnownFileType = image.png; path = upArrow.png; sourceTree = "<group>"; };
		DA993F8A1CA20F8900D93654 /* blue-down-arrow.png */ = {isa = PBXFileReference; lastKnownFileType = image.png; path = "blue-down-arrow.png"; sourceTree = "<group>"; };
		DA993F8B1CA20F8900D93654 /* blue-up-arrow.png */ = {isa = PBXFileReference; lastKnownFileType = image.png; path = "blue-up-arrow.png"; sourceTree = "<group>"; };
		DAD43B071CC13C0F00DE99F5 /* FolderTableViewCell.swift */ = {isa = PBXFileReference; fileEncoding = 4; lastKnownFileType = sourcecode.swift; path = FolderTableViewCell.swift; sourceTree = "<group>"; };
		DAD43B091CC13E0400DE99F5 /* 048-folder.png */ = {isa = PBXFileReference; lastKnownFileType = image.png; path = "048-folder.png"; sourceTree = "<group>"; };
		DAD43B0B1CCA7ABC00DE99F5 /* 049-folder-open.png */ = {isa = PBXFileReference; lastKnownFileType = image.png; path = "049-folder-open.png"; sourceTree = "<group>"; };
		DAE7D3681CB2B794007F4FD4 /* deskLamp-off.png */ = {isa = PBXFileReference; lastKnownFileType = image.png; path = "deskLamp-off.png"; sourceTree = "<group>"; };
		DAE7D3691CB2B794007F4FD4 /* deskLamp-on.png */ = {isa = PBXFileReference; lastKnownFileType = image.png; path = "deskLamp-on.png"; sourceTree = "<group>"; };
		DAE7D36C1CB2E64B007F4FD4 /* ProgramTableViewController.swift */ = {isa = PBXFileReference; fileEncoding = 4; lastKnownFileType = sourcecode.swift; path = ProgramTableViewController.swift; sourceTree = "<group>"; };
		DAE7D36E1CB2E9A6007F4FD4 /* programs.png */ = {isa = PBXFileReference; lastKnownFileType = image.png; path = programs.png; sourceTree = "<group>"; };
		DAE7D3721CB2EDEE007F4FD4 /* 185-clipboard.png */ = {isa = PBXFileReference; lastKnownFileType = image.png; path = "185-clipboard.png"; sourceTree = "<group>"; };
		DAE7D3751CB2F78B007F4FD4 /* Program.swift */ = {isa = PBXFileReference; fileEncoding = 4; lastKnownFileType = sourcecode.swift; path = Program.swift; sourceTree = "<group>"; };
		DAE7D3771CB30A09007F4FD4 /* ProgramFolder.swift */ = {isa = PBXFileReference; fileEncoding = 4; lastKnownFileType = sourcecode.swift; path = ProgramFolder.swift; sourceTree = "<group>"; };
		DAE7D3791CB31E28007F4FD4 /* program-off.png */ = {isa = PBXFileReference; lastKnownFileType = image.png; path = "program-off.png"; sourceTree = "<group>"; };
		DAE7D37A1CB31E28007F4FD4 /* program-on.png */ = {isa = PBXFileReference; lastKnownFileType = image.png; path = "program-on.png"; sourceTree = "<group>"; };
		DAE7D37D1CB31EE1007F4FD4 /* ProgramManager.swift */ = {isa = PBXFileReference; fileEncoding = 4; lastKnownFileType = sourcecode.swift; path = ProgramManager.swift; sourceTree = "<group>"; };
		DAFA7B981C93858D002CF894 /* NodeTableViewCell.swift */ = {isa = PBXFileReference; fileEncoding = 4; lastKnownFileType = sourcecode.swift; path = NodeTableViewCell.swift; sourceTree = "<group>"; };
/* End PBXFileReference section */

/* Begin PBXFrameworksBuildPhase section */
		DA912FE01C32F38A0082F91A /* Frameworks */ = {
			isa = PBXFrameworksBuildPhase;
			buildActionMask = 2147483647;
			files = (
				13B5757C4165B0631B091E08 /* Pods.framework in Frameworks */,
			);
			runOnlyForDeploymentPostprocessing = 0;
		};
		DA912FF41C32F38A0082F91A /* Frameworks */ = {
			isa = PBXFrameworksBuildPhase;
			buildActionMask = 2147483647;
			files = (
			);
			runOnlyForDeploymentPostprocessing = 0;
		};
		DA912FFF1C32F38A0082F91A /* Frameworks */ = {
			isa = PBXFrameworksBuildPhase;
			buildActionMask = 2147483647;
			files = (
			);
			runOnlyForDeploymentPostprocessing = 0;
		};
/* End PBXFrameworksBuildPhase section */

/* Begin PBXGroup section */
		27D2C3A856874357F6AB70A7 /* Frameworks */ = {
			isa = PBXGroup;
			children = (
				17BE7A3D1F294957C3DCEDEA /* Pods.framework */,
			);
			name = Frameworks;
			sourceTree = "<group>";
		};
		7B943ED9580E6E3C87A4DCFB /* Pods */ = {
			isa = PBXGroup;
			children = (
				CD87C7F91321F46B22C4DD1B /* Pods.debug.xcconfig */,
				24E0B9C5C7F3712850FCB591 /* Pods.release.xcconfig */,
			);
			name = Pods;
			sourceTree = "<group>";
		};
		DA88C9281C8B394800EA5B20 /* Models */ = {
			isa = PBXGroup;
			children = (
				DA21C5241C7D4D9B00F41A83 /* Folder.swift */,
				DAE7D3771CB30A09007F4FD4 /* ProgramFolder.swift */,
				DAE7D3751CB2F78B007F4FD4 /* Program.swift */,
				DA21C5201C77E87300F41A83 /* Node.swift */,
				DA993F7E1CA04B4A00D93654 /* NodeType.swift */,
				DA1B8A8B1CDD43DB002E0234 /* Scene.swift */,
				DA1C82771CFD10E5005F166D /* testRealm.swift */,
				DA8AD1FE1D0B517300696943 /* NodeRealm.swift */,
			);
			name = Models;
			sourceTree = "<group>";
		};
		DA88C9291C8B397300EA5B20 /* ViewControllers */ = {
			isa = PBXGroup;
			children = (
				DA21C5221C77F0C000F41A83 /* DeviceTableViewController.swift */,
				DA912FE81C32F38A0082F91A /* SwitchViewController.swift */,
				DA3C3A751C97259B00494CEB /* SettingsTableViewController.swift */,
				DA993F821CA0A87900D93654 /* ClimateViewController.swift */,
				DA993F841CA0A89500D93654 /* EnergyViewController.swift */,
				DAE7D36C1CB2E64B007F4FD4 /* ProgramTableViewController.swift */,
				DA1B8A831CD3B3BB002E0234 /* ProgramControlTableViewController.swift */,
				DA1B8A871CDD3DD5002E0234 /* SceneTableViewController.swift */,
				DA1B8A8D1CE132DF002E0234 /* SceneControlTableViewController.swift */,
				DA1B8A971CEA6C24002E0234 /* DashboardCollectionViewController.swift */,
			);
			name = ViewControllers;
			sourceTree = "<group>";
		};
		DA88C92A1C8B3A3600EA5B20 /* Controllers */ = {
			isa = PBXGroup;
			children = (
				DA88C92B1C8B3A5200EA5B20 /* NodeManager.swift */,
				DAE7D37D1CB31EE1007F4FD4 /* ProgramManager.swift */,
				DA1B8A891CDD3E13002E0234 /* SceneManager.swift */,
			);
			name = Controllers;
			sourceTree = "<group>";
		};
		DA8FE8AF1C93747700991FB4 /* Images */ = {
			isa = PBXGroup;
			children = (
				DA1B8A931CEA6A34002E0234 /* 218-star-full.png */,
				DA1B8A851CDD3C3C002E0234 /* 020-film.png */,
				DAD43B091CC13E0400DE99F5 /* 048-folder.png */,
				DAD43B0B1CCA7ABC00DE99F5 /* 049-folder-open.png */,
				DAE7D3721CB2EDEE007F4FD4 /* 185-clipboard.png */,
				DA95455D1CAEBAB00010FF2A /* flameIcon.png */,
				DA2671281CA7122500C134D6 /* home-logo-md.png */,
				DA993F8A1CA20F8900D93654 /* blue-down-arrow.png */,
				DA993F8B1CA20F8900D93654 /* blue-up-arrow.png */,
				DA993F881CA0DC6D00D93654 /* upArrow.png */,
				DA993F861CA0DC6600D93654 /* downArrow.png */,
				DA3C3A7D1C9C46C800494CEB /* 001-home.png */,
				DA3C3A7F1C9C471900494CEB /* settings.png */,
				DAE7D36E1CB2E9A6007F4FD4 /* programs.png */,
				DA8FE8B21C93749900991FB4 /* lightbulb-off.png */,
				DA8FE8B01C93749200991FB4 /* lightbulb-on.png */,
				DA3977391CAB5F3000341D54 /* flame.png */,
				DAE7D3791CB31E28007F4FD4 /* program-off.png */,
				DAE7D37A1CB31E28007F4FD4 /* program-on.png */,
				DA5446781CB03A3800873C74 /* lamp01-off.png */,
				DA5446791CB03A3800873C74 /* lamp01-on.png */,
				DA5446761CB038D600873C74 /* temp-on.png */,
				DA95455F1CAF35C80010FF2A /* temp-off.png */,
				DA5446801CB03B4600873C74 /* light01-off.png */,
				DA5446811CB03B4600873C74 /* light01-on.png */,
				DA54467C1CB03AF400873C74 /* motion01-off.png */,
				DA54467D1CB03AF400873C74 /* motion01-on.png */,
				DA5446841CB1BA7000873C74 /* remote-off.png */,
				DA5446851CB1BA7000873C74 /* remote-on.png */,
				DA5446881CB1BDD900873C74 /* energy-off.png */,
				DA5446891CB1BDD900873C74 /* energy-on.png */,
				DAE7D3681CB2B794007F4FD4 /* deskLamp-off.png */,
				DAE7D3691CB2B794007F4FD4 /* deskLamp-on.png */,
			);
			name = Images;
			sourceTree = "<group>";
		};
		DA912FDA1C32F38A0082F91A = {
			isa = PBXGroup;
			children = (
				DA912FE51C32F38A0082F91A /* HomeAutomation */,
				DA912FFA1C32F38A0082F91A /* HomeAutomationTests */,
				DA9130051C32F38A0082F91A /* HomeAutomationUITests */,
				DA912FE41C32F38A0082F91A /* Products */,
				7B943ED9580E6E3C87A4DCFB /* Pods */,
				27D2C3A856874357F6AB70A7 /* Frameworks */,
			);
			sourceTree = "<group>";
		};
		DA912FE41C32F38A0082F91A /* Products */ = {
			isa = PBXGroup;
			children = (
				DA912FE31C32F38A0082F91A /* HomeAutomation.app */,
				DA912FF71C32F38A0082F91A /* HomeAutomationTests.xctest */,
				DA9130021C32F38A0082F91A /* HomeAutomationUITests.xctest */,
			);
			name = Products;
			sourceTree = "<group>";
		};
		DA912FE51C32F38A0082F91A /* HomeAutomation */ = {
			isa = PBXGroup;
			children = (
				DA912FE61C32F38A0082F91A /* AppDelegate.swift */,
				DA912FEA1C32F38A0082F91A /* Main.storyboard */,
				DAFA7B971C938555002CF894 /* TableViewCells */,
				DA88C9281C8B394800EA5B20 /* Models */,
				DA88C92A1C8B3A3600EA5B20 /* Controllers */,
				DA88C9291C8B397300EA5B20 /* ViewControllers */,
				DA912FED1C32F38A0082F91A /* Assets.xcassets */,
				DA912FEF1C32F38A0082F91A /* LaunchScreen.storyboard */,
				DA912FF21C32F38A0082F91A /* Info.plist */,
				DA8FE8AF1C93747700991FB4 /* Images */,
				DA993F801CA0849800D93654 /* nodeType.plist */,
			);
			path = HomeAutomation;
			sourceTree = "<group>";
		};
		DA912FFA1C32F38A0082F91A /* HomeAutomationTests */ = {
			isa = PBXGroup;
			children = (
				DA912FFB1C32F38A0082F91A /* HomeAutomationTests.swift */,
				DA912FFD1C32F38A0082F91A /* Info.plist */,
			);
			path = HomeAutomationTests;
			sourceTree = "<group>";
		};
		DA9130051C32F38A0082F91A /* HomeAutomationUITests */ = {
			isa = PBXGroup;
			children = (
				DA9130061C32F38A0082F91A /* HomeAutomationUITests.swift */,
				DA9130081C32F38A0082F91A /* Info.plist */,
			);
			path = HomeAutomationUITests;
			sourceTree = "<group>";
		};
		DAFA7B971C938555002CF894 /* TableViewCells */ = {
			isa = PBXGroup;
			children = (
				DAFA7B981C93858D002CF894 /* NodeTableViewCell.swift */,
				DAD43B071CC13C0F00DE99F5 /* FolderTableViewCell.swift */,
				DA1B8A911CEA49E4002E0234 /* SceneControlTableViewCell.swift */,
				DA1B8A951CEA6C04002E0234 /* DashboardCollectionViewCell.swift */,
			);
			name = TableViewCells;
			sourceTree = "<group>";
		};
/* End PBXGroup section */

/* Begin PBXNativeTarget section */
		DA912FE21C32F38A0082F91A /* HomeAutomation */ = {
			isa = PBXNativeTarget;
			buildConfigurationList = DA91300B1C32F38A0082F91A /* Build configuration list for PBXNativeTarget "HomeAutomation" */;
			buildPhases = (
				17044FB0754650BC59DD0AF0 /* Check Pods Manifest.lock */,
				DA912FDF1C32F38A0082F91A /* Sources */,
				DA912FE01C32F38A0082F91A /* Frameworks */,
				DA912FE11C32F38A0082F91A /* Resources */,
				621F6BD98EDA7F137A4EB5C3 /* Embed Pods Frameworks */,
				F6B8A2E6A6BE0D12DDC1ED74 /* Copy Pods Resources */,
			);
			buildRules = (
			);
			dependencies = (
			);
			name = HomeAutomation;
			productName = HomeAutomation;
			productReference = DA912FE31C32F38A0082F91A /* HomeAutomation.app */;
			productType = "com.apple.product-type.application";
		};
		DA912FF61C32F38A0082F91A /* HomeAutomationTests */ = {
			isa = PBXNativeTarget;
			buildConfigurationList = DA91300E1C32F38A0082F91A /* Build configuration list for PBXNativeTarget "HomeAutomationTests" */;
			buildPhases = (
				DA912FF31C32F38A0082F91A /* Sources */,
				DA912FF41C32F38A0082F91A /* Frameworks */,
				DA912FF51C32F38A0082F91A /* Resources */,
			);
			buildRules = (
			);
			dependencies = (
				DA912FF91C32F38A0082F91A /* PBXTargetDependency */,
			);
			name = HomeAutomationTests;
			productName = HomeAutomationTests;
			productReference = DA912FF71C32F38A0082F91A /* HomeAutomationTests.xctest */;
			productType = "com.apple.product-type.bundle.unit-test";
		};
		DA9130011C32F38A0082F91A /* HomeAutomationUITests */ = {
			isa = PBXNativeTarget;
			buildConfigurationList = DA9130111C32F38A0082F91A /* Build configuration list for PBXNativeTarget "HomeAutomationUITests" */;
			buildPhases = (
				DA912FFE1C32F38A0082F91A /* Sources */,
				DA912FFF1C32F38A0082F91A /* Frameworks */,
				DA9130001C32F38A0082F91A /* Resources */,
			);
			buildRules = (
			);
			dependencies = (
				DA9130041C32F38A0082F91A /* PBXTargetDependency */,
			);
			name = HomeAutomationUITests;
			productName = HomeAutomationUITests;
			productReference = DA9130021C32F38A0082F91A /* HomeAutomationUITests.xctest */;
			productType = "com.apple.product-type.bundle.ui-testing";
		};
/* End PBXNativeTarget section */

/* Begin PBXProject section */
		DA912FDB1C32F38A0082F91A /* Project object */ = {
			isa = PBXProject;
			attributes = {
				LastSwiftUpdateCheck = 0720;
				LastUpgradeCheck = 0720;
				ORGANIZATIONNAME = 11thHourIndustries;
				TargetAttributes = {
					DA912FE21C32F38A0082F91A = {
						CreatedOnToolsVersion = 7.2;
					};
					DA912FF61C32F38A0082F91A = {
						CreatedOnToolsVersion = 7.2;
						TestTargetID = DA912FE21C32F38A0082F91A;
					};
					DA9130011C32F38A0082F91A = {
						CreatedOnToolsVersion = 7.2;
						TestTargetID = DA912FE21C32F38A0082F91A;
					};
				};
			};
			buildConfigurationList = DA912FDE1C32F38A0082F91A /* Build configuration list for PBXProject "HomeAutomation" */;
			compatibilityVersion = "Xcode 3.2";
			developmentRegion = English;
			hasScannedForEncodings = 0;
			knownRegions = (
				en,
				Base,
			);
			mainGroup = DA912FDA1C32F38A0082F91A;
			productRefGroup = DA912FE41C32F38A0082F91A /* Products */;
			projectDirPath = "";
			projectRoot = "";
			targets = (
				DA912FE21C32F38A0082F91A /* HomeAutomation */,
				DA912FF61C32F38A0082F91A /* HomeAutomationTests */,
				DA9130011C32F38A0082F91A /* HomeAutomationUITests */,
			);
		};
/* End PBXProject section */

/* Begin PBXResourcesBuildPhase section */
		DA912FE11C32F38A0082F91A /* Resources */ = {
			isa = PBXResourcesBuildPhase;
			buildActionMask = 2147483647;
			files = (
				DA54467F1CB03AF400873C74 /* motion01-on.png in Resources */,
				DAE7D36B1CB2B794007F4FD4 /* deskLamp-on.png in Resources */,
				DAE7D37B1CB31E28007F4FD4 /* program-off.png in Resources */,
				DA993F811CA0849800D93654 /* nodeType.plist in Resources */,
				DA8FE8B11C93749200991FB4 /* lightbulb-on.png in Resources */,
				DA54468A1CB1BDD900873C74 /* energy-off.png in Resources */,
				DAE7D36F1CB2E9A6007F4FD4 /* programs.png in Resources */,
				DA5446821CB03B4600873C74 /* light01-off.png in Resources */,
				DA5446831CB03B4600873C74 /* light01-on.png in Resources */,
				DA54468B1CB1BDD900873C74 /* energy-on.png in Resources */,
				DA912FF11C32F38A0082F91A /* LaunchScreen.storyboard in Resources */,
				DA5446771CB038D600873C74 /* temp-on.png in Resources */,
				DAD43B0C1CCA7ABC00DE99F5 /* 049-folder-open.png in Resources */,
				DA39773A1CAB5F3000341D54 /* flame.png in Resources */,
				DA993F871CA0DC6600D93654 /* downArrow.png in Resources */,
				DA3C3A7E1C9C46C800494CEB /* 001-home.png in Resources */,
				DAE7D36A1CB2B794007F4FD4 /* deskLamp-off.png in Resources */,
				DA95455E1CAEBAB00010FF2A /* flameIcon.png in Resources */,
				DA993F8C1CA20F8900D93654 /* blue-down-arrow.png in Resources */,
				DAD43B0A1CC13E0400DE99F5 /* 048-folder.png in Resources */,
				DA993F8D1CA20F8900D93654 /* blue-up-arrow.png in Resources */,
				DA1B8A941CEA6A34002E0234 /* 218-star-full.png in Resources */,
				DA5446861CB1BA7000873C74 /* remote-off.png in Resources */,
				DA3C3A801C9C471900494CEB /* settings.png in Resources */,
				DA993F891CA0DC6D00D93654 /* upArrow.png in Resources */,
				DAE7D3731CB2EDEE007F4FD4 /* 185-clipboard.png in Resources */,
				DA912FEE1C32F38A0082F91A /* Assets.xcassets in Resources */,
				DAE7D37C1CB31E28007F4FD4 /* program-on.png in Resources */,
				DA8FE8B31C93749900991FB4 /* lightbulb-off.png in Resources */,
				DA54467E1CB03AF400873C74 /* motion01-off.png in Resources */,
				DA54467A1CB03A3800873C74 /* lamp01-off.png in Resources */,
				DA1B8A861CDD3C3D002E0234 /* 020-film.png in Resources */,
				DA2671291CA7122500C134D6 /* home-logo-md.png in Resources */,
				DA912FEC1C32F38A0082F91A /* Main.storyboard in Resources */,
				DA9545601CAF35C80010FF2A /* temp-off.png in Resources */,
				DA54467B1CB03A3800873C74 /* lamp01-on.png in Resources */,
				DA5446871CB1BA7000873C74 /* remote-on.png in Resources */,
			);
			runOnlyForDeploymentPostprocessing = 0;
		};
		DA912FF51C32F38A0082F91A /* Resources */ = {
			isa = PBXResourcesBuildPhase;
			buildActionMask = 2147483647;
			files = (
			);
			runOnlyForDeploymentPostprocessing = 0;
		};
		DA9130001C32F38A0082F91A /* Resources */ = {
			isa = PBXResourcesBuildPhase;
			buildActionMask = 2147483647;
			files = (
			);
			runOnlyForDeploymentPostprocessing = 0;
		};
/* End PBXResourcesBuildPhase section */

/* Begin PBXShellScriptBuildPhase section */
		17044FB0754650BC59DD0AF0 /* Check Pods Manifest.lock */ = {
			isa = PBXShellScriptBuildPhase;
			buildActionMask = 2147483647;
			files = (
			);
			inputPaths = (
			);
			name = "Check Pods Manifest.lock";
			outputPaths = (
			);
			runOnlyForDeploymentPostprocessing = 0;
			shellPath = /bin/sh;
			shellScript = "diff \"${PODS_ROOT}/../Podfile.lock\" \"${PODS_ROOT}/Manifest.lock\" > /dev/null\nif [[ $? != 0 ]] ; then\n    cat << EOM\nerror: The sandbox is not in sync with the Podfile.lock. Run 'pod install' or update your CocoaPods installation.\nEOM\n    exit 1\nfi\n";
			showEnvVarsInLog = 0;
		};
		621F6BD98EDA7F137A4EB5C3 /* Embed Pods Frameworks */ = {
			isa = PBXShellScriptBuildPhase;
			buildActionMask = 2147483647;
			files = (
			);
			inputPaths = (
			);
			name = "Embed Pods Frameworks";
			outputPaths = (
			);
			runOnlyForDeploymentPostprocessing = 0;
			shellPath = /bin/sh;
			shellScript = "\"${SRCROOT}/Pods/Target Support Files/Pods/Pods-frameworks.sh\"\n";
			showEnvVarsInLog = 0;
		};
		F6B8A2E6A6BE0D12DDC1ED74 /* Copy Pods Resources */ = {
			isa = PBXShellScriptBuildPhase;
			buildActionMask = 2147483647;
			files = (
			);
			inputPaths = (
			);
			name = "Copy Pods Resources";
			outputPaths = (
			);
			runOnlyForDeploymentPostprocessing = 0;
			shellPath = /bin/sh;
			shellScript = "\"${SRCROOT}/Pods/Target Support Files/Pods/Pods-resources.sh\"\n";
			showEnvVarsInLog = 0;
		};
/* End PBXShellScriptBuildPhase section */

/* Begin PBXSourcesBuildPhase section */
		DA912FDF1C32F38A0082F91A /* Sources */ = {
			isa = PBXSourcesBuildPhase;
			buildActionMask = 2147483647;
			files = (
				DA1B8A921CEA49E4002E0234 /* SceneControlTableViewCell.swift in Sources */,
				DA1B8A881CDD3DD5002E0234 /* SceneTableViewController.swift in Sources */,
				DA1C82781CFD10E5005F166D /* testRealm.swift in Sources */,
				DAE7D36D1CB2E64B007F4FD4 /* ProgramTableViewController.swift in Sources */,
				DA21C5211C77E87300F41A83 /* Node.swift in Sources */,
				DA993F851CA0A89500D93654 /* EnergyViewController.swift in Sources */,
				DA1B8A8E1CE132DF002E0234 /* SceneControlTableViewController.swift in Sources */,
				DAD43B081CC13C0F00DE99F5 /* FolderTableViewCell.swift in Sources */,
				DA88C92C1C8B3A5200EA5B20 /* NodeManager.swift in Sources */,
				DA8AD1FF1D0B517300696943 /* NodeRealm.swift in Sources */,
				DA1B8A841CD3B3BB002E0234 /* ProgramControlTableViewController.swift in Sources */,
				DA993F831CA0A87900D93654 /* ClimateViewController.swift in Sources */,
				DAFA7B991C93858D002CF894 /* NodeTableViewCell.swift in Sources */,
				DA993F7F1CA04B4A00D93654 /* NodeType.swift in Sources */,
				DA21C5231C77F0C000F41A83 /* DeviceTableViewController.swift in Sources */,
				DAE7D3781CB30A09007F4FD4 /* ProgramFolder.swift in Sources */,
				DA1B8A8C1CDD43DB002E0234 /* Scene.swift in Sources */,
				DA3C3A761C97259B00494CEB /* SettingsTableViewController.swift in Sources */,
				DAE7D37E1CB31EE1007F4FD4 /* ProgramManager.swift in Sources */,
				DA1B8A8A1CDD3E13002E0234 /* SceneManager.swift in Sources */,
				DA1B8A961CEA6C04002E0234 /* DashboardCollectionViewCell.swift in Sources */,
				DA912FE91C32F38A0082F91A /* SwitchViewController.swift in Sources */,
				DAE7D3761CB2F78B007F4FD4 /* Program.swift in Sources */,
				DA1B8A981CEA6C24002E0234 /* DashboardCollectionViewController.swift in Sources */,
				DA912FE71C32F38A0082F91A /* AppDelegate.swift in Sources */,
				DA21C5251C7D4D9B00F41A83 /* Folder.swift in Sources */,
			);
			runOnlyForDeploymentPostprocessing = 0;
		};
		DA912FF31C32F38A0082F91A /* Sources */ = {
			isa = PBXSourcesBuildPhase;
			buildActionMask = 2147483647;
			files = (
				DA912FFC1C32F38A0082F91A /* HomeAutomationTests.swift in Sources */,
			);
			runOnlyForDeploymentPostprocessing = 0;
		};
		DA912FFE1C32F38A0082F91A /* Sources */ = {
			isa = PBXSourcesBuildPhase;
			buildActionMask = 2147483647;
			files = (
				DA9130071C32F38A0082F91A /* HomeAutomationUITests.swift in Sources */,
			);
			runOnlyForDeploymentPostprocessing = 0;
		};
/* End PBXSourcesBuildPhase section */

/* Begin PBXTargetDependency section */
		DA912FF91C32F38A0082F91A /* PBXTargetDependency */ = {
			isa = PBXTargetDependency;
			target = DA912FE21C32F38A0082F91A /* HomeAutomation */;
			targetProxy = DA912FF81C32F38A0082F91A /* PBXContainerItemProxy */;
		};
		DA9130041C32F38A0082F91A /* PBXTargetDependency */ = {
			isa = PBXTargetDependency;
			target = DA912FE21C32F38A0082F91A /* HomeAutomation */;
			targetProxy = DA9130031C32F38A0082F91A /* PBXContainerItemProxy */;
		};
/* End PBXTargetDependency section */

/* Begin PBXVariantGroup section */
		DA912FEA1C32F38A0082F91A /* Main.storyboard */ = {
			isa = PBXVariantGroup;
			children = (
				DA912FEB1C32F38A0082F91A /* Base */,
			);
			name = Main.storyboard;
			sourceTree = "<group>";
		};
		DA912FEF1C32F38A0082F91A /* LaunchScreen.storyboard */ = {
			isa = PBXVariantGroup;
			children = (
				DA912FF01C32F38A0082F91A /* Base */,
			);
			name = LaunchScreen.storyboard;
			sourceTree = "<group>";
		};
/* End PBXVariantGroup section */

/* Begin XCBuildConfiguration section */
		DA9130091C32F38A0082F91A /* Debug */ = {
			isa = XCBuildConfiguration;
			buildSettings = {
				ALWAYS_SEARCH_USER_PATHS = NO;
				CLANG_CXX_LANGUAGE_STANDARD = "gnu++0x";
				CLANG_CXX_LIBRARY = "libc++";
				CLANG_ENABLE_MODULES = YES;
				CLANG_ENABLE_OBJC_ARC = YES;
				CLANG_WARN_BOOL_CONVERSION = YES;
				CLANG_WARN_CONSTANT_CONVERSION = YES;
				CLANG_WARN_DIRECT_OBJC_ISA_USAGE = YES_ERROR;
				CLANG_WARN_EMPTY_BODY = YES;
				CLANG_WARN_ENUM_CONVERSION = YES;
				CLANG_WARN_INT_CONVERSION = YES;
				CLANG_WARN_OBJC_ROOT_CLASS = YES_ERROR;
				CLANG_WARN_UNREACHABLE_CODE = YES;
				CLANG_WARN__DUPLICATE_METHOD_MATCH = YES;
				"CODE_SIGN_IDENTITY[sdk=iphoneos*]" = "iPhone Developer";
				COPY_PHASE_STRIP = NO;
				DEBUG_INFORMATION_FORMAT = dwarf;
				ENABLE_STRICT_OBJC_MSGSEND = YES;
				ENABLE_TESTABILITY = YES;
				GCC_C_LANGUAGE_STANDARD = gnu99;
				GCC_DYNAMIC_NO_PIC = NO;
				GCC_NO_COMMON_BLOCKS = YES;
				GCC_OPTIMIZATION_LEVEL = 0;
				GCC_PREPROCESSOR_DEFINITIONS = (
					"DEBUG=1",
					"$(inherited)",
				);
				GCC_WARN_64_TO_32_BIT_CONVERSION = YES;
				GCC_WARN_ABOUT_RETURN_TYPE = YES_ERROR;
				GCC_WARN_UNDECLARED_SELECTOR = YES;
				GCC_WARN_UNINITIALIZED_AUTOS = YES_AGGRESSIVE;
				GCC_WARN_UNUSED_FUNCTION = YES;
				GCC_WARN_UNUSED_VARIABLE = YES;
				IPHONEOS_DEPLOYMENT_TARGET = 9.2;
				MTL_ENABLE_DEBUG_INFO = YES;
				ONLY_ACTIVE_ARCH = YES;
				SDKROOT = iphoneos;
				SWIFT_OPTIMIZATION_LEVEL = "-Onone";
				TARGETED_DEVICE_FAMILY = "1,2";
			};
			name = Debug;
		};
		DA91300A1C32F38A0082F91A /* Release */ = {
			isa = XCBuildConfiguration;
			buildSettings = {
				ALWAYS_SEARCH_USER_PATHS = NO;
				CLANG_CXX_LANGUAGE_STANDARD = "gnu++0x";
				CLANG_CXX_LIBRARY = "libc++";
				CLANG_ENABLE_MODULES = YES;
				CLANG_ENABLE_OBJC_ARC = YES;
				CLANG_WARN_BOOL_CONVERSION = YES;
				CLANG_WARN_CONSTANT_CONVERSION = YES;
				CLANG_WARN_DIRECT_OBJC_ISA_USAGE = YES_ERROR;
				CLANG_WARN_EMPTY_BODY = YES;
				CLANG_WARN_ENUM_CONVERSION = YES;
				CLANG_WARN_INT_CONVERSION = YES;
				CLANG_WARN_OBJC_ROOT_CLASS = YES_ERROR;
				CLANG_WARN_UNREACHABLE_CODE = YES;
				CLANG_WARN__DUPLICATE_METHOD_MATCH = YES;
				"CODE_SIGN_IDENTITY[sdk=iphoneos*]" = "iPhone Developer";
				COPY_PHASE_STRIP = NO;
				DEBUG_INFORMATION_FORMAT = "dwarf-with-dsym";
				ENABLE_NS_ASSERTIONS = NO;
				ENABLE_STRICT_OBJC_MSGSEND = YES;
				GCC_C_LANGUAGE_STANDARD = gnu99;
				GCC_NO_COMMON_BLOCKS = YES;
				GCC_WARN_64_TO_32_BIT_CONVERSION = YES;
				GCC_WARN_ABOUT_RETURN_TYPE = YES_ERROR;
				GCC_WARN_UNDECLARED_SELECTOR = YES;
				GCC_WARN_UNINITIALIZED_AUTOS = YES_AGGRESSIVE;
				GCC_WARN_UNUSED_FUNCTION = YES;
				GCC_WARN_UNUSED_VARIABLE = YES;
				IPHONEOS_DEPLOYMENT_TARGET = 9.2;
				MTL_ENABLE_DEBUG_INFO = NO;
				SDKROOT = iphoneos;
				TARGETED_DEVICE_FAMILY = "1,2";
				VALIDATE_PRODUCT = YES;
			};
			name = Release;
		};
		DA91300C1C32F38A0082F91A /* Debug */ = {
			isa = XCBuildConfiguration;
			baseConfigurationReference = CD87C7F91321F46B22C4DD1B /* Pods.debug.xcconfig */;
			buildSettings = {
				ASSETCATALOG_COMPILER_APPICON_NAME = AppIcon;
				INFOPLIST_FILE = HomeAutomation/Info.plist;
				IPHONEOS_DEPLOYMENT_TARGET = 9.0;
				LD_RUNPATH_SEARCH_PATHS = "$(inherited) @executable_path/Frameworks";
				PRODUCT_BUNDLE_IDENTIFIER = "-1107.HomeAutomation";
				PRODUCT_NAME = "$(TARGET_NAME)";
			};
			name = Debug;
		};
		DA91300D1C32F38A0082F91A /* Release */ = {
			isa = XCBuildConfiguration;
			baseConfigurationReference = 24E0B9C5C7F3712850FCB591 /* Pods.release.xcconfig */;
			buildSettings = {
				ASSETCATALOG_COMPILER_APPICON_NAME = AppIcon;
				INFOPLIST_FILE = HomeAutomation/Info.plist;
				IPHONEOS_DEPLOYMENT_TARGET = 9.0;
				LD_RUNPATH_SEARCH_PATHS = "$(inherited) @executable_path/Frameworks";
				PRODUCT_BUNDLE_IDENTIFIER = "-1107.HomeAutomation";
				PRODUCT_NAME = "$(TARGET_NAME)";
			};
			name = Release;
		};
		DA91300F1C32F38A0082F91A /* Debug */ = {
			isa = XCBuildConfiguration;
			buildSettings = {
				BUNDLE_LOADER = "$(TEST_HOST)";
				INFOPLIST_FILE = HomeAutomationTests/Info.plist;
				LD_RUNPATH_SEARCH_PATHS = "$(inherited) @executable_path/Frameworks @loader_path/Frameworks";
				PRODUCT_BUNDLE_IDENTIFIER = "-107.HomeAutomationTests";
				PRODUCT_NAME = "$(TARGET_NAME)";
				TEST_HOST = "$(BUILT_PRODUCTS_DIR)/HomeAutomation.app/HomeAutomation";
			};
			name = Debug;
		};
		DA9130101C32F38A0082F91A /* Release */ = {
			isa = XCBuildConfiguration;
			buildSettings = {
				BUNDLE_LOADER = "$(TEST_HOST)";
				INFOPLIST_FILE = HomeAutomationTests/Info.plist;
				LD_RUNPATH_SEARCH_PATHS = "$(inherited) @executable_path/Frameworks @loader_path/Frameworks";
				PRODUCT_BUNDLE_IDENTIFIER = "-107.HomeAutomationTests";
				PRODUCT_NAME = "$(TARGET_NAME)";
				TEST_HOST = "$(BUILT_PRODUCTS_DIR)/HomeAutomation.app/HomeAutomation";
			};
			name = Release;
		};
		DA9130121C32F38A0082F91A /* Debug */ = {
			isa = XCBuildConfiguration;
			buildSettings = {
				INFOPLIST_FILE = HomeAutomationUITests/Info.plist;
				LD_RUNPATH_SEARCH_PATHS = "$(inherited) @executable_path/Frameworks @loader_path/Frameworks";
				PRODUCT_BUNDLE_IDENTIFIER = "-107.HomeAutomationUITests";
				PRODUCT_NAME = "$(TARGET_NAME)";
				TEST_TARGET_NAME = HomeAutomation;
				USES_XCTRUNNER = YES;
			};
			name = Debug;
		};
		DA9130131C32F38A0082F91A /* Release */ = {
			isa = XCBuildConfiguration;
			buildSettings = {
				INFOPLIST_FILE = HomeAutomationUITests/Info.plist;
				LD_RUNPATH_SEARCH_PATHS = "$(inherited) @executable_path/Frameworks @loader_path/Frameworks";
				PRODUCT_BUNDLE_IDENTIFIER = "-107.HomeAutomationUITests";
				PRODUCT_NAME = "$(TARGET_NAME)";
				TEST_TARGET_NAME = HomeAutomation;
				USES_XCTRUNNER = YES;
			};
			name = Release;
		};
/* End XCBuildConfiguration section */

/* Begin XCConfigurationList section */
		DA912FDE1C32F38A0082F91A /* Build configuration list for PBXProject "HomeAutomation" */ = {
			isa = XCConfigurationList;
			buildConfigurations = (
				DA9130091C32F38A0082F91A /* Debug */,
				DA91300A1C32F38A0082F91A /* Release */,
			);
			defaultConfigurationIsVisible = 0;
			defaultConfigurationName = Release;
		};
		DA91300B1C32F38A0082F91A /* Build configuration list for PBXNativeTarget "HomeAutomation" */ = {
			isa = XCConfigurationList;
			buildConfigurations = (
				DA91300C1C32F38A0082F91A /* Debug */,
				DA91300D1C32F38A0082F91A /* Release */,
			);
			defaultConfigurationIsVisible = 0;
			defaultConfigurationName = Release;
		};
		DA91300E1C32F38A0082F91A /* Build configuration list for PBXNativeTarget "HomeAutomationTests" */ = {
			isa = XCConfigurationList;
			buildConfigurations = (
				DA91300F1C32F38A0082F91A /* Debug */,
				DA9130101C32F38A0082F91A /* Release */,
			);
			defaultConfigurationIsVisible = 0;
			defaultConfigurationName = Release;
		};
		DA9130111C32F38A0082F91A /* Build configuration list for PBXNativeTarget "HomeAutomationUITests" */ = {
			isa = XCConfigurationList;
			buildConfigurations = (
				DA9130121C32F38A0082F91A /* Debug */,
				DA9130131C32F38A0082F91A /* Release */,
			);
			defaultConfigurationIsVisible = 0;
			defaultConfigurationName = Release;
		};
/* End XCConfigurationList section */
	};
	rootObject = DA912FDB1C32F38A0082F91A /* Project object */;
}
